
Microsoft Visual Studio Solution File, Format Version 12.00
# Visual Studio Version 17
VisualStudioVersion = 17.1.32414.318
MinimumVisualStudioVersion = 10.0.40219.1
Project("{9A19103F-16F7-4668-BE54-9A1E7A4F7556}") = "API", "API\API.csproj", "{BF0558A6-6250-40EE-9FE2-75A3049D4BC6}"
EndProject
Project("{9A19103F-16F7-4668-BE54-9A1E7A4F7556}") = "Application", "Application\Application.csproj", "{CC957D38-756B-472F-8730-8CFBCAF24D78}"
EndProject
Project("{9A19103F-16F7-4668-BE54-9A1E7A4F7556}") = "Domain", "Domain\Domain.csproj", "{8CD95C7C-4510-4C80-8261-C26FB29BB33C}"
EndProject
Project("{FAE04EC0-301F-11D3-BF4B-00C04F79EFBC}") = "Persistence", "Persistence\Persistence.csproj", "{02472AEA-2E91-4277-A994-0B70FDEC9D91}"
EndProject
Global
	GlobalSection(SolutionConfigurationPlatforms) = preSolution
		Debug|Any CPU = Debug|Any CPU
		Release|Any CPU = Release|Any CPU
	EndGlobalSection
	GlobalSection(ProjectConfigurationPlatforms) = postSolution
		{BF0558A6-6250-40EE-9FE2-75A3049D4BC6}.Debug|Any CPU.ActiveCfg = Debug|Any CPU
		{BF0558A6-6250-40EE-9FE2-75A3049D4BC6}.Debug|Any CPU.Build.0 = Debug|Any CPU
		{BF0558A6-6250-40EE-9FE2-75A3049D4BC6}.Release|Any CPU.ActiveCfg = Release|Any CPU
		{BF0558A6-6250-40EE-9FE2-75A3049D4BC6}.Release|Any CPU.Build.0 = Release|Any CPU
		{CC957D38-756B-472F-8730-8CFBCAF24D78}.Debug|Any CPU.ActiveCfg = Debug|Any CPU
		{CC957D38-756B-472F-8730-8CFBCAF24D78}.Debug|Any CPU.Build.0 = Debug|Any CPU
		{CC957D38-756B-472F-8730-8CFBCAF24D78}.Release|Any CPU.ActiveCfg = Release|Any CPU
		{CC957D38-756B-472F-8730-8CFBCAF24D78}.Release|Any CPU.Build.0 = Release|Any CPU
		{8CD95C7C-4510-4C80-8261-C26FB29BB33C}.Debug|Any CPU.ActiveCfg = Debug|Any CPU
		{8CD95C7C-4510-4C80-8261-C26FB29BB33C}.Debug|Any CPU.Build.0 = Debug|Any CPU
		{8CD95C7C-4510-4C80-8261-C26FB29BB33C}.Release|Any CPU.ActiveCfg = Release|Any CPU
		{8CD95C7C-4510-4C80-8261-C26FB29BB33C}.Release|Any CPU.Build.0 = Release|Any CPU
		{02472AEA-2E91-4277-A994-0B70FDEC9D91}.Debug|Any CPU.ActiveCfg = Debug|Any CPU
		{02472AEA-2E91-4277-A994-0B70FDEC9D91}.Debug|Any CPU.Build.0 = Debug|Any CPU
		{02472AEA-2E91-4277-A994-0B70FDEC9D91}.Release|Any CPU.ActiveCfg = Release|Any CPU
		{02472AEA-2E91-4277-A994-0B70FDEC9D91}.Release|Any CPU.Build.0 = Release|Any CPU
	EndGlobalSection
	GlobalSection(SolutionProperties) = preSolution
		HideSolutionNode = FALSE
	EndGlobalSection
	GlobalSection(ExtensibilityGlobals) = postSolution
		SolutionGuid = {243ECDD9-75CC-4AA4-B50B-A1515503333D}
	EndGlobalSection
EndGlobal
